
Microsoft Visual Studio Solution File, Format Version 12.00
# Visual Studio Version 17
VisualStudioVersion = 17.2.32526.322
MinimumVisualStudioVersion = 10.0.40219.1
Project("{A07B5EB6-E848-4116-A8D0-A826331D98C6}") = "Optimization", "Optimization\Optimization.sfproj", "{88EDF1C1-519C-4D4F-8113-EF416D8F1904}"
EndProject
Project("{9A19103F-16F7-4668-BE54-9A1E7A4F7556}") = "OptimizationService", "OptimizationService\OptimizationService.csproj", "{7C27FC47-A6C1-4890-A243-E816E3D4631E}"
EndProject
Project("{9A19103F-16F7-4668-BE54-9A1E7A4F7556}") = "LinearOptimizationService", "LinearOptimizationService\LinearOptimizationService.csproj", "{02C19C68-D3A5-499D-8E7C-E5A3640624BD}"
EndProject
Project("{9A19103F-16F7-4668-BE54-9A1E7A4F7556}") = "IntegerOptimizationService", "IntegerOptimizationService\IntegerOptimizationService.csproj", "{C239C376-549C-445C-A9E5-FDB4B5D8F633}"
EndProject
Project("{9A19103F-16F7-4668-BE54-9A1E7A4F7556}") = "ConstraintOptimizationService", "ConstraintOptimizationService\ConstraintOptimizationService.csproj", "{F1DAE4DF-C3D9-4922-BCAF-AAD457EA79F0}"
EndProject
Project("{9A19103F-16F7-4668-BE54-9A1E7A4F7556}") = "AssignmentOptimizationService", "AssignmentOptimizationService\AssignmentOptimizationService.csproj", "{36B00380-FD0F-4DCC-B9F2-FAC6BD5174C0}"
EndProject
Project("{9A19103F-16F7-4668-BE54-9A1E7A4F7556}") = "RoutingOptimizationService", "RoutingOptimizationService\RoutingOptimizationService.csproj", "{44F937A5-7DA5-4430-9AD8-1ED101C6C28A}"
EndProject
Project("{FAE04EC0-301F-11D3-BF4B-00C04F79EFBC}") = "BinPackingOptimizationService", "BinPackingOptimizationService\BinPackingOptimizationService.csproj", "{2D25038B-0714-4306-84FE-9FD51A1523E7}"
EndProject
Global
	GlobalSection(SolutionConfigurationPlatforms) = preSolution
		Debug|Any CPU = Debug|Any CPU
		Debug|x64 = Debug|x64
		Release|Any CPU = Release|Any CPU
		Release|x64 = Release|x64
	EndGlobalSection
	GlobalSection(ProjectConfigurationPlatforms) = postSolution
		{88EDF1C1-519C-4D4F-8113-EF416D8F1904}.Debug|Any CPU.ActiveCfg = Debug|x64
		{88EDF1C1-519C-4D4F-8113-EF416D8F1904}.Debug|Any CPU.Build.0 = Debug|x64
		{88EDF1C1-519C-4D4F-8113-EF416D8F1904}.Debug|Any CPU.Deploy.0 = Debug|x64
		{88EDF1C1-519C-4D4F-8113-EF416D8F1904}.Debug|x64.ActiveCfg = Debug|x64
		{88EDF1C1-519C-4D4F-8113-EF416D8F1904}.Debug|x64.Build.0 = Debug|x64
		{88EDF1C1-519C-4D4F-8113-EF416D8F1904}.Debug|x64.Deploy.0 = Debug|x64
		{88EDF1C1-519C-4D4F-8113-EF416D8F1904}.Release|Any CPU.ActiveCfg = Release|x64
		{88EDF1C1-519C-4D4F-8113-EF416D8F1904}.Release|Any CPU.Build.0 = Release|x64
		{88EDF1C1-519C-4D4F-8113-EF416D8F1904}.Release|Any CPU.Deploy.0 = Release|x64
		{88EDF1C1-519C-4D4F-8113-EF416D8F1904}.Release|x64.ActiveCfg = Release|x64
		{88EDF1C1-519C-4D4F-8113-EF416D8F1904}.Release|x64.Build.0 = Release|x64
		{88EDF1C1-519C-4D4F-8113-EF416D8F1904}.Release|x64.Deploy.0 = Release|x64
		{7C27FC47-A6C1-4890-A243-E816E3D4631E}.Debug|Any CPU.ActiveCfg = Debug|Any CPU
		{7C27FC47-A6C1-4890-A243-E816E3D4631E}.Debug|Any CPU.Build.0 = Debug|Any CPU
		{7C27FC47-A6C1-4890-A243-E816E3D4631E}.Debug|x64.ActiveCfg = Debug|Any CPU
		{7C27FC47-A6C1-4890-A243-E816E3D4631E}.Debug|x64.Build.0 = Debug|Any CPU
		{7C27FC47-A6C1-4890-A243-E816E3D4631E}.Release|Any CPU.ActiveCfg = Release|Any CPU
		{7C27FC47-A6C1-4890-A243-E816E3D4631E}.Release|Any CPU.Build.0 = Release|Any CPU
		{7C27FC47-A6C1-4890-A243-E816E3D4631E}.Release|x64.ActiveCfg = Release|Any CPU
		{7C27FC47-A6C1-4890-A243-E816E3D4631E}.Release|x64.Build.0 = Release|Any CPU
		{02C19C68-D3A5-499D-8E7C-E5A3640624BD}.Debug|Any CPU.ActiveCfg = Debug|Any CPU
		{02C19C68-D3A5-499D-8E7C-E5A3640624BD}.Debug|Any CPU.Build.0 = Debug|Any CPU
		{02C19C68-D3A5-499D-8E7C-E5A3640624BD}.Debug|x64.ActiveCfg = Debug|Any CPU
		{02C19C68-D3A5-499D-8E7C-E5A3640624BD}.Debug|x64.Build.0 = Debug|Any CPU
		{02C19C68-D3A5-499D-8E7C-E5A3640624BD}.Release|Any CPU.ActiveCfg = Release|Any CPU
		{02C19C68-D3A5-499D-8E7C-E5A3640624BD}.Release|Any CPU.Build.0 = Release|Any CPU
		{02C19C68-D3A5-499D-8E7C-E5A3640624BD}.Release|x64.ActiveCfg = Release|Any CPU
		{02C19C68-D3A5-499D-8E7C-E5A3640624BD}.Release|x64.Build.0 = Release|Any CPU
		{C239C376-549C-445C-A9E5-FDB4B5D8F633}.Debug|Any CPU.ActiveCfg = Debug|Any CPU
		{C239C376-549C-445C-A9E5-FDB4B5D8F633}.Debug|Any CPU.Build.0 = Debug|Any CPU
		{C239C376-549C-445C-A9E5-FDB4B5D8F633}.Debug|x64.ActiveCfg = Debug|Any CPU
		{C239C376-549C-445C-A9E5-FDB4B5D8F633}.Debug|x64.Build.0 = Debug|Any CPU
		{C239C376-549C-445C-A9E5-FDB4B5D8F633}.Release|Any CPU.ActiveCfg = Release|Any CPU
		{C239C376-549C-445C-A9E5-FDB4B5D8F633}.Release|Any CPU.Build.0 = Release|Any CPU
		{C239C376-549C-445C-A9E5-FDB4B5D8F633}.Release|x64.ActiveCfg = Release|Any CPU
		{C239C376-549C-445C-A9E5-FDB4B5D8F633}.Release|x64.Build.0 = Release|Any CPU
		{F1DAE4DF-C3D9-4922-BCAF-AAD457EA79F0}.Debug|Any CPU.ActiveCfg = Debug|Any CPU
		{F1DAE4DF-C3D9-4922-BCAF-AAD457EA79F0}.Debug|Any CPU.Build.0 = Debug|Any CPU
		{F1DAE4DF-C3D9-4922-BCAF-AAD457EA79F0}.Debug|x64.ActiveCfg = Debug|Any CPU
		{F1DAE4DF-C3D9-4922-BCAF-AAD457EA79F0}.Debug|x64.Build.0 = Debug|Any CPU
		{F1DAE4DF-C3D9-4922-BCAF-AAD457EA79F0}.Release|Any CPU.ActiveCfg = Release|Any CPU
		{F1DAE4DF-C3D9-4922-BCAF-AAD457EA79F0}.Release|Any CPU.Build.0 = Release|Any CPU
		{F1DAE4DF-C3D9-4922-BCAF-AAD457EA79F0}.Release|x64.ActiveCfg = Release|Any CPU
		{F1DAE4DF-C3D9-4922-BCAF-AAD457EA79F0}.Release|x64.Build.0 = Release|Any CPU
		{36B00380-FD0F-4DCC-B9F2-FAC6BD5174C0}.Debug|Any CPU.ActiveCfg = Debug|Any CPU
		{36B00380-FD0F-4DCC-B9F2-FAC6BD5174C0}.Debug|Any CPU.Build.0 = Debug|Any CPU
		{36B00380-FD0F-4DCC-B9F2-FAC6BD5174C0}.Debug|x64.ActiveCfg = Debug|Any CPU
		{36B00380-FD0F-4DCC-B9F2-FAC6BD5174C0}.Debug|x64.Build.0 = Debug|Any CPU
		{36B00380-FD0F-4DCC-B9F2-FAC6BD5174C0}.Release|Any CPU.ActiveCfg = Release|Any CPU
		{36B00380-FD0F-4DCC-B9F2-FAC6BD5174C0}.Release|Any CPU.Build.0 = Release|Any CPU
		{36B00380-FD0F-4DCC-B9F2-FAC6BD5174C0}.Release|x64.ActiveCfg = Release|Any CPU
		{36B00380-FD0F-4DCC-B9F2-FAC6BD5174C0}.Release|x64.Build.0 = Release|Any CPU
		{44F937A5-7DA5-4430-9AD8-1ED101C6C28A}.Debug|Any CPU.ActiveCfg = Debug|Any CPU
		{44F937A5-7DA5-4430-9AD8-1ED101C6C28A}.Debug|Any CPU.Build.0 = Debug|Any CPU
		{44F937A5-7DA5-4430-9AD8-1ED101C6C28A}.Debug|x64.ActiveCfg = Debug|Any CPU
		{44F937A5-7DA5-4430-9AD8-1ED101C6C28A}.Debug|x64.Build.0 = Debug|Any CPU
		{44F937A5-7DA5-4430-9AD8-1ED101C6C28A}.Release|Any CPU.ActiveCfg = Release|Any CPU
		{44F937A5-7DA5-4430-9AD8-1ED101C6C28A}.Release|Any CPU.Build.0 = Release|Any CPU
		{44F937A5-7DA5-4430-9AD8-1ED101C6C28A}.Release|x64.ActiveCfg = Release|Any CPU
		{44F937A5-7DA5-4430-9AD8-1ED101C6C28A}.Release|x64.Build.0 = Release|Any CPU
		{2D25038B-0714-4306-84FE-9FD51A1523E7}.Debug|Any CPU.ActiveCfg = Debug|Any CPU
		{2D25038B-0714-4306-84FE-9FD51A1523E7}.Debug|Any CPU.Build.0 = Debug|Any CPU
		{2D25038B-0714-4306-84FE-9FD51A1523E7}.Debug|x64.ActiveCfg = Debug|Any CPU
		{2D25038B-0714-4306-84FE-9FD51A1523E7}.Debug|x64.Build.0 = Debug|Any CPU
		{2D25038B-0714-4306-84FE-9FD51A1523E7}.Release|Any CPU.ActiveCfg = Release|Any CPU
		{2D25038B-0714-4306-84FE-9FD51A1523E7}.Release|Any CPU.Build.0 = Release|Any CPU
		{2D25038B-0714-4306-84FE-9FD51A1523E7}.Release|x64.ActiveCfg = Release|Any CPU
		{2D25038B-0714-4306-84FE-9FD51A1523E7}.Release|x64.Build.0 = Release|Any CPU
	EndGlobalSection
	GlobalSection(SolutionProperties) = preSolution
		HideSolutionNode = FALSE
	EndGlobalSection
	GlobalSection(ExtensibilityGlobals) = postSolution
		SolutionGuid = {2A7CCBB7-8372-41C8-B317-AFC40850BA25}
	EndGlobalSection
EndGlobal
